
Microsoft Visual Studio Solution File, Format Version 12.00
# Visual Studio Version 16
VisualStudioVersion = 16.0.31911.196
MinimumVisualStudioVersion = 10.0.40219.1
Project("{FAE04EC0-301F-11D3-BF4B-00C04F79EFBC}") = "WPF 12", "WPF 12\WPF 12.csproj", "{41398FB5-8346-4E61-A531-6DAE06648340}"
EndProject
Global
	GlobalSection(SolutionConfigurationPlatforms) = preSolution
		Debug|Any CPU = Debug|Any CPU
		Release|Any CPU = Release|Any CPU
	EndGlobalSection
	GlobalSection(ProjectConfigurationPlatforms) = postSolution
		{41398FB5-8346-4E61-A531-6DAE06648340}.Debug|Any CPU.ActiveCfg = Debug|Any CPU
		{41398FB5-8346-4E61-A531-6DAE06648340}.Debug|Any CPU.Build.0 = Debug|Any CPU
		{41398FB5-8346-4E61-A531-6DAE06648340}.Release|Any CPU.ActiveCfg = Release|Any CPU
		{41398FB5-8346-4E61-A531-6DAE06648340}.Release|Any CPU.Build.0 = Release|Any CPU
	EndGlobalSection
	GlobalSection(SolutionProperties) = preSolution
		HideSolutionNode = FALSE
	EndGlobalSection
	GlobalSection(ExtensibilityGlobals) = postSolution
		SolutionGuid = {D719C411-D143-44F6-A1EE-B09218FEAB08}
	EndGlobalSection
EndGlobal
